
Microsoft Visual Studio Solution File, Format Version 12.00
# Visual Studio Version 17
VisualStudioVersion = 17.4.33122.133
MinimumVisualStudioVersion = 10.0.40219.1
Project("{2150E333-8FDC-42A3-9474-1A3956D46DE8}") = "Data", "Data", "{83D9D824-FDE8-4E79-9D7D-69812C7B6F73}"
EndProject
Project("{2150E333-8FDC-42A3-9474-1A3956D46DE8}") = "Services", "Services", "{122CE314-70B2-4C5A-A7CE-EC44BE005FDA}"
EndProject
Project("{2150E333-8FDC-42A3-9474-1A3956D46DE8}") = "Systems", "Systems", "{923E29DF-319D-4F99-8BDF-0F03FE9CD3B2}"
EndProject
Project("{2150E333-8FDC-42A3-9474-1A3956D46DE8}") = "Shared", "Shared", "{97493AD7-7AC8-470A-ACBF-31946FE115E8}"
EndProject
Project("{2150E333-8FDC-42A3-9474-1A3956D46DE8}") = "Api", "Api", "{E8014D66-F350-4AF5-A6F6-344605E2BFB6}"
EndProject
Project("{2150E333-8FDC-42A3-9474-1A3956D46DE8}") = "Identity", "Identity", "{0A0E1633-FEFD-46A8-B06A-60D6C9D1511B}"
EndProject
Project("{9A19103F-16F7-4668-BE54-9A1E7A4F7556}") = "DSRNetSchool.Api", "Systems\Api\DSRNetSchool.Api\DSRNetSchool.Api.csproj", "{A75DED6F-E075-4CC8-A77C-6BD31B16FAAF}"
EndProject
Project("{9A19103F-16F7-4668-BE54-9A1E7A4F7556}") = "DSRNetSchool.Api.Settings", "Systems\Api\DSRNetSchool.Api.Settings\DSRNetSchool.Api.Settings.csproj", "{A75F8362-BCF7-4B46-82EA-24E8FBC36B94}"
EndProject
Project("{9A19103F-16F7-4668-BE54-9A1E7A4F7556}") = "DSRNetSchool.Common", "Shared\DSRNetSchool.Common\DSRNetSchool.Common.csproj", "{00FA5C0C-BED0-4EEF-AD22-7EDCE105EE7F}"
EndProject
Project("{9A19103F-16F7-4668-BE54-9A1E7A4F7556}") = "DSRNetSchool.Settings", "Shared\DSRNetSchool.Settings\DSRNetSchool.Settings.csproj", "{C282542F-EE82-4B29-AA86-8480310DB1DF}"
EndProject
Project("{9A19103F-16F7-4668-BE54-9A1E7A4F7556}") = "DSRNetSchool.Services.Settings", "Services\DSRNetSchool.Services.Settings\DSRNetSchool.Services.Settings.csproj", "{57A07232-DB91-454D-9EEF-5B59601CCE9C}"
EndProject
Project("{E53339B2-1760-4266-BCC7-CA923CBCF16C}") = "docker-compose", "docker-compose.dcproj", "{7745FF06-4AEA-4269-BFAA-724DEF8D33C5}"
EndProject
Project("{9A19103F-16F7-4668-BE54-9A1E7A4F7556}") = "DSRNetSchool.Context", "Data\DSRNetSchool.Context\DSRNetSchool.Context.csproj", "{1FF2E211-C944-45BB-86F6-3D7A66A371D0}"
EndProject
Project("{9A19103F-16F7-4668-BE54-9A1E7A4F7556}") = "DSRNetSchool.Context.Entities", "Data\DSRNetSchool.Context.Entities\DSRNetSchool.Context.Entities.csproj", "{9DDA68B6-F773-46CE-B2D0-754D39A81D9B}"
EndProject
Project("{2150E333-8FDC-42A3-9474-1A3956D46DE8}") = "Migrations", "Migrations", "{9D74507B-0726-4D1F-B053-040182438E3F}"
EndProject
Project("{9A19103F-16F7-4668-BE54-9A1E7A4F7556}") = "DSRNetSchool.Context.MigrationsMSSQL", "Data\Migrations\DSRNetSchool.Context.MigrationsMSSQL\DSRNetSchool.Context.MigrationsMSSQL.csproj", "{2F9918BE-1096-41F1-8774-C24BFC1DE2D6}"
EndProject
Project("{9A19103F-16F7-4668-BE54-9A1E7A4F7556}") = "DSRNetSchool.Context.MigrationsPostgreSQL", "Data\Migrations\DSRNetSchool.Context.MigrationsPostgreSQL\DSRNetSchool.Context.MigrationsPostgreSQL.csproj", "{0505AF56-4C14-4C71-A706-1697C0942D8D}"
EndProject
Project("{9A19103F-16F7-4668-BE54-9A1E7A4F7556}") = "DSRNetSchool.Services.Books", "Services\DSRNetSchool.Services.Books\DSRNetSchool.Services.Books.csproj", "{1E055763-8D5D-4AC1-A906-9016F20CF080}"
EndProject
Project("{9A19103F-16F7-4668-BE54-9A1E7A4F7556}") = "DSRNetSchool.Identity", "Systems\Identity\DSRNetSchool.Identity\DSRNetSchool.Identity.csproj", "{82ADAF0B-AF8F-4289-BBCF-177C8D99BCFD}"
EndProject
Project("{9A19103F-16F7-4668-BE54-9A1E7A4F7556}") = "DSRNetSchool.Services.UserAccount", "Services\DSRNetSchool.Services.UserAccount\DSRNetSchool.Services.UserAccount.csproj", "{C440D2DE-E838-4831-B808-221B08E282E9}"
EndProject
Project("{9A19103F-16F7-4668-BE54-9A1E7A4F7556}") = "DSRNetSchool.Services.Cache", "Services\DSRNetSchool.Services.Cache\DSRNetSchool.Services.Cache.csproj", "{BC883EFD-AB6B-483E-9B14-146661A3097A}"
EndProject
Project("{9A19103F-16F7-4668-BE54-9A1E7A4F7556}") = "DSRNetSchool.Services.RabbitMq", "Services\DSRNetSchool.Services.RabbitMq\DSRNetSchool.Services.RabbitMq.csproj", "{9A60B848-B736-4F1C-A8A9-5025A26DD58B}"
EndProject
Project("{9A19103F-16F7-4668-BE54-9A1E7A4F7556}") = "DSRNetSchool.Services.Actions", "Services\DSRNetSchool.Services.Actions\DSRNetSchool.Services.Actions.csproj", "{0D2D079D-D892-423A-AE07-4C9864BD2AE0}"
EndProject
Project("{9A19103F-16F7-4668-BE54-9A1E7A4F7556}") = "DSRNetSchool.Services.EmailSender", "Services\DSRNetSchool.Services.EmailSender\DSRNetSchool.Services.EmailSender.csproj", "{D6FC3B91-B363-4FF0-A1E4-38011F1F9CE6}"
EndProject
Project("{9A19103F-16F7-4668-BE54-9A1E7A4F7556}") = "DSRNetSchool.Consts", "Shared\DSRNetSchool.Consts\DSRNetSchool.Consts.csproj", "{FB6FE05A-5903-4A13-903A-14F0B2506194}"
EndProject
Project("{2150E333-8FDC-42A3-9474-1A3956D46DE8}") = "Workers", "Workers", "{EECEFA7C-BF30-478E-A9D7-939492A529C9}"
EndProject
Project("{9A19103F-16F7-4668-BE54-9A1E7A4F7556}") = "DSRNetSchool.Worker", "Systems\Workers\DSRNetSchool.Worker\DSRNetSchool.Worker.csproj", "{177B6E7C-6FDA-4BCA-AFFB-AD9E8CE89479}"
EndProject
Global
	GlobalSection(SolutionConfigurationPlatforms) = preSolution
		Debug|Any CPU = Debug|Any CPU
		Release|Any CPU = Release|Any CPU
	EndGlobalSection
	GlobalSection(ProjectConfigurationPlatforms) = postSolution
		{A75DED6F-E075-4CC8-A77C-6BD31B16FAAF}.Debug|Any CPU.ActiveCfg = Debug|Any CPU
		{A75DED6F-E075-4CC8-A77C-6BD31B16FAAF}.Debug|Any CPU.Build.0 = Debug|Any CPU
		{A75DED6F-E075-4CC8-A77C-6BD31B16FAAF}.Release|Any CPU.ActiveCfg = Release|Any CPU
		{A75DED6F-E075-4CC8-A77C-6BD31B16FAAF}.Release|Any CPU.Build.0 = Release|Any CPU
		{A75F8362-BCF7-4B46-82EA-24E8FBC36B94}.Debug|Any CPU.ActiveCfg = Debug|Any CPU
		{A75F8362-BCF7-4B46-82EA-24E8FBC36B94}.Debug|Any CPU.Build.0 = Debug|Any CPU
		{A75F8362-BCF7-4B46-82EA-24E8FBC36B94}.Release|Any CPU.ActiveCfg = Release|Any CPU
		{A75F8362-BCF7-4B46-82EA-24E8FBC36B94}.Release|Any CPU.Build.0 = Release|Any CPU
		{00FA5C0C-BED0-4EEF-AD22-7EDCE105EE7F}.Debug|Any CPU.ActiveCfg = Debug|Any CPU
		{00FA5C0C-BED0-4EEF-AD22-7EDCE105EE7F}.Debug|Any CPU.Build.0 = Debug|Any CPU
		{00FA5C0C-BED0-4EEF-AD22-7EDCE105EE7F}.Release|Any CPU.ActiveCfg = Release|Any CPU
		{00FA5C0C-BED0-4EEF-AD22-7EDCE105EE7F}.Release|Any CPU.Build.0 = Release|Any CPU
		{C282542F-EE82-4B29-AA86-8480310DB1DF}.Debug|Any CPU.ActiveCfg = Debug|Any CPU
		{C282542F-EE82-4B29-AA86-8480310DB1DF}.Debug|Any CPU.Build.0 = Debug|Any CPU
		{C282542F-EE82-4B29-AA86-8480310DB1DF}.Release|Any CPU.ActiveCfg = Release|Any CPU
		{C282542F-EE82-4B29-AA86-8480310DB1DF}.Release|Any CPU.Build.0 = Release|Any CPU
		{57A07232-DB91-454D-9EEF-5B59601CCE9C}.Debug|Any CPU.ActiveCfg = Debug|Any CPU
		{57A07232-DB91-454D-9EEF-5B59601CCE9C}.Debug|Any CPU.Build.0 = Debug|Any CPU
		{57A07232-DB91-454D-9EEF-5B59601CCE9C}.Release|Any CPU.ActiveCfg = Release|Any CPU
		{57A07232-DB91-454D-9EEF-5B59601CCE9C}.Release|Any CPU.Build.0 = Release|Any CPU
		{7745FF06-4AEA-4269-BFAA-724DEF8D33C5}.Debug|Any CPU.ActiveCfg = Debug|Any CPU
		{7745FF06-4AEA-4269-BFAA-724DEF8D33C5}.Debug|Any CPU.Build.0 = Debug|Any CPU
		{7745FF06-4AEA-4269-BFAA-724DEF8D33C5}.Release|Any CPU.ActiveCfg = Release|Any CPU
		{7745FF06-4AEA-4269-BFAA-724DEF8D33C5}.Release|Any CPU.Build.0 = Release|Any CPU
		{1FF2E211-C944-45BB-86F6-3D7A66A371D0}.Debug|Any CPU.ActiveCfg = Debug|Any CPU
		{1FF2E211-C944-45BB-86F6-3D7A66A371D0}.Debug|Any CPU.Build.0 = Debug|Any CPU
		{1FF2E211-C944-45BB-86F6-3D7A66A371D0}.Release|Any CPU.ActiveCfg = Release|Any CPU
		{1FF2E211-C944-45BB-86F6-3D7A66A371D0}.Release|Any CPU.Build.0 = Release|Any CPU
		{9DDA68B6-F773-46CE-B2D0-754D39A81D9B}.Debug|Any CPU.ActiveCfg = Debug|Any CPU
		{9DDA68B6-F773-46CE-B2D0-754D39A81D9B}.Debug|Any CPU.Build.0 = Debug|Any CPU
		{9DDA68B6-F773-46CE-B2D0-754D39A81D9B}.Release|Any CPU.ActiveCfg = Release|Any CPU
		{9DDA68B6-F773-46CE-B2D0-754D39A81D9B}.Release|Any CPU.Build.0 = Release|Any CPU
		{2F9918BE-1096-41F1-8774-C24BFC1DE2D6}.Debug|Any CPU.ActiveCfg = Debug|Any CPU
		{2F9918BE-1096-41F1-8774-C24BFC1DE2D6}.Debug|Any CPU.Build.0 = Debug|Any CPU
		{2F9918BE-1096-41F1-8774-C24BFC1DE2D6}.Release|Any CPU.ActiveCfg = Release|Any CPU
		{2F9918BE-1096-41F1-8774-C24BFC1DE2D6}.Release|Any CPU.Build.0 = Release|Any CPU
		{0505AF56-4C14-4C71-A706-1697C0942D8D}.Debug|Any CPU.ActiveCfg = Debug|Any CPU
		{0505AF56-4C14-4C71-A706-1697C0942D8D}.Debug|Any CPU.Build.0 = Debug|Any CPU
		{0505AF56-4C14-4C71-A706-1697C0942D8D}.Release|Any CPU.ActiveCfg = Release|Any CPU
		{0505AF56-4C14-4C71-A706-1697C0942D8D}.Release|Any CPU.Build.0 = Release|Any CPU
		{1E055763-8D5D-4AC1-A906-9016F20CF080}.Debug|Any CPU.ActiveCfg = Debug|Any CPU
		{1E055763-8D5D-4AC1-A906-9016F20CF080}.Debug|Any CPU.Build.0 = Debug|Any CPU
		{1E055763-8D5D-4AC1-A906-9016F20CF080}.Release|Any CPU.ActiveCfg = Release|Any CPU
		{1E055763-8D5D-4AC1-A906-9016F20CF080}.Release|Any CPU.Build.0 = Release|Any CPU
		{82ADAF0B-AF8F-4289-BBCF-177C8D99BCFD}.Debug|Any CPU.ActiveCfg = Debug|Any CPU
		{82ADAF0B-AF8F-4289-BBCF-177C8D99BCFD}.Debug|Any CPU.Build.0 = Debug|Any CPU
		{82ADAF0B-AF8F-4289-BBCF-177C8D99BCFD}.Release|Any CPU.ActiveCfg = Release|Any CPU
		{82ADAF0B-AF8F-4289-BBCF-177C8D99BCFD}.Release|Any CPU.Build.0 = Release|Any CPU
		{C440D2DE-E838-4831-B808-221B08E282E9}.Debug|Any CPU.ActiveCfg = Debug|Any CPU
		{C440D2DE-E838-4831-B808-221B08E282E9}.Debug|Any CPU.Build.0 = Debug|Any CPU
		{C440D2DE-E838-4831-B808-221B08E282E9}.Release|Any CPU.ActiveCfg = Release|Any CPU
		{C440D2DE-E838-4831-B808-221B08E282E9}.Release|Any CPU.Build.0 = Release|Any CPU
		{BC883EFD-AB6B-483E-9B14-146661A3097A}.Debug|Any CPU.ActiveCfg = Debug|Any CPU
		{BC883EFD-AB6B-483E-9B14-146661A3097A}.Debug|Any CPU.Build.0 = Debug|Any CPU
		{BC883EFD-AB6B-483E-9B14-146661A3097A}.Release|Any CPU.ActiveCfg = Release|Any CPU
		{BC883EFD-AB6B-483E-9B14-146661A3097A}.Release|Any CPU.Build.0 = Release|Any CPU
		{9A60B848-B736-4F1C-A8A9-5025A26DD58B}.Debug|Any CPU.ActiveCfg = Debug|Any CPU
		{9A60B848-B736-4F1C-A8A9-5025A26DD58B}.Debug|Any CPU.Build.0 = Debug|Any CPU
		{9A60B848-B736-4F1C-A8A9-5025A26DD58B}.Release|Any CPU.ActiveCfg = Release|Any CPU
		{9A60B848-B736-4F1C-A8A9-5025A26DD58B}.Release|Any CPU.Build.0 = Release|Any CPU
		{0D2D079D-D892-423A-AE07-4C9864BD2AE0}.Debug|Any CPU.ActiveCfg = Debug|Any CPU
		{0D2D079D-D892-423A-AE07-4C9864BD2AE0}.Debug|Any CPU.Build.0 = Debug|Any CPU
		{0D2D079D-D892-423A-AE07-4C9864BD2AE0}.Release|Any CPU.ActiveCfg = Release|Any CPU
		{0D2D079D-D892-423A-AE07-4C9864BD2AE0}.Release|Any CPU.Build.0 = Release|Any CPU
		{D6FC3B91-B363-4FF0-A1E4-38011F1F9CE6}.Debug|Any CPU.ActiveCfg = Debug|Any CPU
		{D6FC3B91-B363-4FF0-A1E4-38011F1F9CE6}.Debug|Any CPU.Build.0 = Debug|Any CPU
		{D6FC3B91-B363-4FF0-A1E4-38011F1F9CE6}.Release|Any CPU.ActiveCfg = Release|Any CPU
		{D6FC3B91-B363-4FF0-A1E4-38011F1F9CE6}.Release|Any CPU.Build.0 = Release|Any CPU
		{FB6FE05A-5903-4A13-903A-14F0B2506194}.Debug|Any CPU.ActiveCfg = Debug|Any CPU
		{FB6FE05A-5903-4A13-903A-14F0B2506194}.Debug|Any CPU.Build.0 = Debug|Any CPU
		{FB6FE05A-5903-4A13-903A-14F0B2506194}.Release|Any CPU.ActiveCfg = Release|Any CPU
		{FB6FE05A-5903-4A13-903A-14F0B2506194}.Release|Any CPU.Build.0 = Release|Any CPU
		{177B6E7C-6FDA-4BCA-AFFB-AD9E8CE89479}.Debug|Any CPU.ActiveCfg = Debug|Any CPU
		{177B6E7C-6FDA-4BCA-AFFB-AD9E8CE89479}.Debug|Any CPU.Build.0 = Debug|Any CPU
		{177B6E7C-6FDA-4BCA-AFFB-AD9E8CE89479}.Release|Any CPU.ActiveCfg = Release|Any CPU
		{177B6E7C-6FDA-4BCA-AFFB-AD9E8CE89479}.Release|Any CPU.Build.0 = Release|Any CPU
	EndGlobalSection
	GlobalSection(SolutionProperties) = preSolution
		HideSolutionNode = FALSE
	EndGlobalSection
	GlobalSection(NestedProjects) = preSolution
		{E8014D66-F350-4AF5-A6F6-344605E2BFB6} = {923E29DF-319D-4F99-8BDF-0F03FE9CD3B2}
		{0A0E1633-FEFD-46A8-B06A-60D6C9D1511B} = {923E29DF-319D-4F99-8BDF-0F03FE9CD3B2}
		{A75DED6F-E075-4CC8-A77C-6BD31B16FAAF} = {E8014D66-F350-4AF5-A6F6-344605E2BFB6}
		{A75F8362-BCF7-4B46-82EA-24E8FBC36B94} = {E8014D66-F350-4AF5-A6F6-344605E2BFB6}
		{00FA5C0C-BED0-4EEF-AD22-7EDCE105EE7F} = {97493AD7-7AC8-470A-ACBF-31946FE115E8}
		{C282542F-EE82-4B29-AA86-8480310DB1DF} = {97493AD7-7AC8-470A-ACBF-31946FE115E8}
		{57A07232-DB91-454D-9EEF-5B59601CCE9C} = {122CE314-70B2-4C5A-A7CE-EC44BE005FDA}
		{1FF2E211-C944-45BB-86F6-3D7A66A371D0} = {83D9D824-FDE8-4E79-9D7D-69812C7B6F73}
		{9DDA68B6-F773-46CE-B2D0-754D39A81D9B} = {83D9D824-FDE8-4E79-9D7D-69812C7B6F73}
		{9D74507B-0726-4D1F-B053-040182438E3F} = {83D9D824-FDE8-4E79-9D7D-69812C7B6F73}
		{2F9918BE-1096-41F1-8774-C24BFC1DE2D6} = {9D74507B-0726-4D1F-B053-040182438E3F}
		{0505AF56-4C14-4C71-A706-1697C0942D8D} = {9D74507B-0726-4D1F-B053-040182438E3F}
		{1E055763-8D5D-4AC1-A906-9016F20CF080} = {122CE314-70B2-4C5A-A7CE-EC44BE005FDA}
		{82ADAF0B-AF8F-4289-BBCF-177C8D99BCFD} = {0A0E1633-FEFD-46A8-B06A-60D6C9D1511B}
		{C440D2DE-E838-4831-B808-221B08E282E9} = {122CE314-70B2-4C5A-A7CE-EC44BE005FDA}
		{BC883EFD-AB6B-483E-9B14-146661A3097A} = {122CE314-70B2-4C5A-A7CE-EC44BE005FDA}
		{9A60B848-B736-4F1C-A8A9-5025A26DD58B} = {122CE314-70B2-4C5A-A7CE-EC44BE005FDA}
		{0D2D079D-D892-423A-AE07-4C9864BD2AE0} = {122CE314-70B2-4C5A-A7CE-EC44BE005FDA}
		{D6FC3B91-B363-4FF0-A1E4-38011F1F9CE6} = {122CE314-70B2-4C5A-A7CE-EC44BE005FDA}
		{FB6FE05A-5903-4A13-903A-14F0B2506194} = {97493AD7-7AC8-470A-ACBF-31946FE115E8}
		{EECEFA7C-BF30-478E-A9D7-939492A529C9} = {923E29DF-319D-4F99-8BDF-0F03FE9CD3B2}
		{177B6E7C-6FDA-4BCA-AFFB-AD9E8CE89479} = {EECEFA7C-BF30-478E-A9D7-939492A529C9}
	EndGlobalSection
	GlobalSection(ExtensibilityGlobals) = postSolution
		SolutionGuid = {8A58512D-B2FC-4A6A-A07F-9B44674DC315}
	EndGlobalSection
EndGlobal
